
Microsoft Visual Studio Solution File, Format Version 11.00
# Visual Studio 2010
Project("{FAE04EC0-301F-11D3-BF4B-00C04F79EFBC}") = "aestatix", "Assembly-CSharp.csproj", "{D42FA910-D112-58B8-4876-046620F3DE25}"
EndProject
Project("{FAE04EC0-301F-11D3-BF4B-00C04F79EFBC}") = "aestatix", "Assembly-CSharp-Editor.csproj", "{AE78C3E3-56EF-9AF0-64C2-83DE6F33AF3A}"
EndProject
Global
	GlobalSection(SolutionConfigurationPlatforms) = preSolution
		Debug|Any CPU = Debug|Any CPU
		Release|Any CPU = Release|Any CPU
	EndGlobalSection
	GlobalSection(ProjectConfigurationPlatforms) = postSolution
		{D42FA910-D112-58B8-4876-046620F3DE25}.Debug|Any CPU.ActiveCfg = Debug|Any CPU
		{D42FA910-D112-58B8-4876-046620F3DE25}.Debug|Any CPU.Build.0 = Debug|Any CPU
		{D42FA910-D112-58B8-4876-046620F3DE25}.Release|Any CPU.ActiveCfg = Release|Any CPU
		{D42FA910-D112-58B8-4876-046620F3DE25}.Release|Any CPU.Build.0 = Release|Any CPU
		{AE78C3E3-56EF-9AF0-64C2-83DE6F33AF3A}.Debug|Any CPU.ActiveCfg = Debug|Any CPU
		{AE78C3E3-56EF-9AF0-64C2-83DE6F33AF3A}.Debug|Any CPU.Build.0 = Debug|Any CPU
		{AE78C3E3-56EF-9AF0-64C2-83DE6F33AF3A}.Release|Any CPU.ActiveCfg = Release|Any CPU
		{AE78C3E3-56EF-9AF0-64C2-83DE6F33AF3A}.Release|Any CPU.Build.0 = Release|Any CPU
	EndGlobalSection
	GlobalSection(SolutionProperties) = preSolution
		HideSolutionNode = FALSE
	EndGlobalSection
	GlobalSection(MonoDevelopProperties) = preSolution
		StartupItem = Assembly-CSharp.csproj
	EndGlobalSection
EndGlobal
